Microsoft Visual Studio Solution File, Format Version 11.00
# Visual Studio 2010
Project("{2150E333-8FDC-42A3-9474-1A3956D46DE8}") = "cl", "cl", "{1E71625D-8A0C-4C46-A5A4-BD5774DD68A1}"
EndProject
Project("{2150E333-8FDC-42A3-9474-1A3956D46DE8}") = "cpp_cl", "cpp_cl", "{F94EE3FB-724F-4A10-B059-2A1BE3F082EF}"
EndProject
Project("{2150E333-8FDC-42A3-9474-1A3956D46DE8}") = "app", "app", "{43364BF6-9309-4171-AE83-80A025B38638}"
EndProject
Project("{2150E333-8FDC-42A3-9474-1A3956D46DE8}") = "app", "app", "{702D8E20-F0A7-45CE-B008-7C535E82945F}"
EndProject
Project("{2150E333-8FDC-42A3-9474-1A3956D46DE8}") = "clEMU", "clEMU", "{D68EED54-7FBD-4CD5-BAAB-64D06332380F}"
EndProject
Project("{2150E333-8FDC-42A3-9474-1A3956D46DE8}") = "myApps", "myApps", "{7AA7033C-56EB-455A-BB2B-9AAE49EA2A79}"
EndProject
Project("{2150E333-8FDC-42A3-9474-1A3956D46DE8}") = "doc", "doc", "{E238529F-9172-4511-93BB-64A495F2C4C0}"
	ProjectSection(SolutionItems) = preProject
		..\..\opencl_emu\doc\opencl-1.1.pdf = ..\..\opencl_emu\doc\opencl-1.1.pdf
	EndProjectSection
EndProject
Project("{8BC9CEB8-8B4A-11D0-8D11-00A0C91BC942}") = "HelloCL", "cpp_cl\app\HelloCL\HelloCL.vcxproj", "{16F53F97-B8DE-4B07-8B53-BCAA9E359BFC}"
EndProject
Project("{8BC9CEB8-8B4A-11D0-8D11-00A0C91BC942}") = "NBody", "cl\app\NBody\NBody.vcxproj", "{5CC6DAC9-4AD4-4149-9A2A-9401DC386142}"
EndProject
Project("{8BC9CEB8-8B4A-11D0-8D11-00A0C91BC942}") = "clemu", "..\..\opencl_emu\clemu\clemu.vcxproj", "{1E8D70F2-CC27-4259-A05F-453FAF78F315}"
EndProject
Project("{8BC9CEB8-8B4A-11D0-8D11-00A0C91BC942}") = "runCL", "..\..\opencl_emu\runCL\runCL.vcxproj", "{9814AB3D-E55D-4F61-A8CA-20D6C1A28C5D}"
EndProject
Project("{8BC9CEB8-8B4A-11D0-8D11-00A0C91BC942}") = "SDKUtil", "..\..\opencl_emu\SDKUtil\SDKUtil.vcxproj", "{12B84E62-D3D1-43DE-81ED-9F97B593AEC6}"
EndProject
Project("{8BC9CEB8-8B4A-11D0-8D11-00A0C91BC942}") = "NBodyEmu", "cl\app\NBodyEmu\NBodyEmu.vcxproj", "{03A21205-16A2-455A-AE78-095C693574F9}"
EndProject
Project("{8BC9CEB8-8B4A-11D0-8D11-00A0C91BC942}") = "SimpleImage", "cl\app\SimpleImage\SimpleImage.vcxproj", "{473CE27C-A147-4E17-925D-642B920063E3}"
EndProject
Project("{8BC9CEB8-8B4A-11D0-8D11-00A0C91BC942}") = "SimpleImageEmu", "cl\app\SimpleImageEmu\SimpleImageEmu.vcxproj", "{4D57444C-B5E2-47D9-8C14-D423DD5A18D2}"
EndProject
Global
	GlobalSection(SolutionConfigurationPlatforms) = preSolution
		clemulib|Win32 = clemulib|Win32
		clemulib|x64 = clemulib|x64
		Debug|Win32 = Debug|Win32
		Debug|x64 = Debug|x64
		Release|Win32 = Release|Win32
		Release|x64 = Release|x64
	EndGlobalSection
	GlobalSection(ProjectConfigurationPlatforms) = postSolution
		{16F53F97-B8DE-4B07-8B53-BCAA9E359BFC}.clemulib|Win32.ActiveCfg = Release|x64
		{16F53F97-B8DE-4B07-8B53-BCAA9E359BFC}.clemulib|x64.ActiveCfg = Release|x64
		{16F53F97-B8DE-4B07-8B53-BCAA9E359BFC}.clemulib|x64.Build.0 = Release|x64
		{16F53F97-B8DE-4B07-8B53-BCAA9E359BFC}.Debug|Win32.ActiveCfg = Debug|Win32
		{16F53F97-B8DE-4B07-8B53-BCAA9E359BFC}.Debug|Win32.Build.0 = Debug|Win32
		{16F53F97-B8DE-4B07-8B53-BCAA9E359BFC}.Debug|x64.ActiveCfg = Debug|x64
		{16F53F97-B8DE-4B07-8B53-BCAA9E359BFC}.Debug|x64.Build.0 = Debug|x64
		{16F53F97-B8DE-4B07-8B53-BCAA9E359BFC}.Release|Win32.ActiveCfg = Release|Win32
		{16F53F97-B8DE-4B07-8B53-BCAA9E359BFC}.Release|Win32.Build.0 = Release|Win32
		{16F53F97-B8DE-4B07-8B53-BCAA9E359BFC}.Release|x64.ActiveCfg = Release|x64
		{16F53F97-B8DE-4B07-8B53-BCAA9E359BFC}.Release|x64.Build.0 = Release|x64
		{5CC6DAC9-4AD4-4149-9A2A-9401DC386142}.clemulib|Win32.ActiveCfg = Release|x64
		{5CC6DAC9-4AD4-4149-9A2A-9401DC386142}.clemulib|x64.ActiveCfg = Release|x64
		{5CC6DAC9-4AD4-4149-9A2A-9401DC386142}.clemulib|x64.Build.0 = Release|x64
		{5CC6DAC9-4AD4-4149-9A2A-9401DC386142}.Debug|Win32.ActiveCfg = Debug|Win32
		{5CC6DAC9-4AD4-4149-9A2A-9401DC386142}.Debug|Win32.Build.0 = Debug|Win32
		{5CC6DAC9-4AD4-4149-9A2A-9401DC386142}.Debug|x64.ActiveCfg = Debug|x64
		{5CC6DAC9-4AD4-4149-9A2A-9401DC386142}.Debug|x64.Build.0 = Debug|x64
		{5CC6DAC9-4AD4-4149-9A2A-9401DC386142}.Release|Win32.ActiveCfg = Release|Win32
		{5CC6DAC9-4AD4-4149-9A2A-9401DC386142}.Release|Win32.Build.0 = Release|Win32
		{5CC6DAC9-4AD4-4149-9A2A-9401DC386142}.Release|x64.ActiveCfg = Release|x64
		{5CC6DAC9-4AD4-4149-9A2A-9401DC386142}.Release|x64.Build.0 = Release|x64
		{1E8D70F2-CC27-4259-A05F-453FAF78F315}.clemulib|Win32.ActiveCfg = clemulib|Win32
		{1E8D70F2-CC27-4259-A05F-453FAF78F315}.clemulib|Win32.Build.0 = clemulib|Win32
		{1E8D70F2-CC27-4259-A05F-453FAF78F315}.clemulib|x64.ActiveCfg = clemulib|Win32
		{1E8D70F2-CC27-4259-A05F-453FAF78F315}.Debug|Win32.ActiveCfg = clemulib|Win32
		{1E8D70F2-CC27-4259-A05F-453FAF78F315}.Debug|Win32.Build.0 = clemulib|Win32
		{1E8D70F2-CC27-4259-A05F-453FAF78F315}.Debug|x64.ActiveCfg = Debug|Win32
		{1E8D70F2-CC27-4259-A05F-453FAF78F315}.Release|Win32.ActiveCfg = Release|Win32
		{1E8D70F2-CC27-4259-A05F-453FAF78F315}.Release|Win32.Build.0 = Release|Win32
		{1E8D70F2-CC27-4259-A05F-453FAF78F315}.Release|x64.ActiveCfg = Release|Win32
		{9814AB3D-E55D-4F61-A8CA-20D6C1A28C5D}.clemulib|Win32.ActiveCfg = Release|Win32
		{9814AB3D-E55D-4F61-A8CA-20D6C1A28C5D}.clemulib|Win32.Build.0 = Release|Win32
		{9814AB3D-E55D-4F61-A8CA-20D6C1A28C5D}.clemulib|x64.ActiveCfg = Release|Win32
		{9814AB3D-E55D-4F61-A8CA-20D6C1A28C5D}.Debug|Win32.ActiveCfg = Debug|Win32
		{9814AB3D-E55D-4F61-A8CA-20D6C1A28C5D}.Debug|Win32.Build.0 = Debug|Win32
		{9814AB3D-E55D-4F61-A8CA-20D6C1A28C5D}.Debug|x64.ActiveCfg = Debug|Win32
		{9814AB3D-E55D-4F61-A8CA-20D6C1A28C5D}.Release|Win32.ActiveCfg = Release|Win32
		{9814AB3D-E55D-4F61-A8CA-20D6C1A28C5D}.Release|Win32.Build.0 = Release|Win32
		{9814AB3D-E55D-4F61-A8CA-20D6C1A28C5D}.Release|x64.ActiveCfg = Release|Win32
		{12B84E62-D3D1-43DE-81ED-9F97B593AEC6}.clemulib|Win32.ActiveCfg = Release|Win32
		{12B84E62-D3D1-43DE-81ED-9F97B593AEC6}.clemulib|Win32.Build.0 = Release|Win32
		{12B84E62-D3D1-43DE-81ED-9F97B593AEC6}.clemulib|x64.ActiveCfg = Release|Win32
		{12B84E62-D3D1-43DE-81ED-9F97B593AEC6}.Debug|Win32.ActiveCfg = Debug|Win32
		{12B84E62-D3D1-43DE-81ED-9F97B593AEC6}.Debug|Win32.Build.0 = Debug|Win32
		{12B84E62-D3D1-43DE-81ED-9F97B593AEC6}.Debug|x64.ActiveCfg = Debug|Win32
		{12B84E62-D3D1-43DE-81ED-9F97B593AEC6}.Release|Win32.ActiveCfg = Release|Win32
		{12B84E62-D3D1-43DE-81ED-9F97B593AEC6}.Release|Win32.Build.0 = Release|Win32
		{12B84E62-D3D1-43DE-81ED-9F97B593AEC6}.Release|x64.ActiveCfg = Release|Win32
		{03A21205-16A2-455A-AE78-095C693574F9}.clemulib|Win32.ActiveCfg = Release|Win32
		{03A21205-16A2-455A-AE78-095C693574F9}.clemulib|Win32.Build.0 = Release|Win32
		{03A21205-16A2-455A-AE78-095C693574F9}.clemulib|x64.ActiveCfg = Release|Win32
		{03A21205-16A2-455A-AE78-095C693574F9}.Debug|Win32.ActiveCfg = Debug|Win32
		{03A21205-16A2-455A-AE78-095C693574F9}.Debug|Win32.Build.0 = Debug|Win32
		{03A21205-16A2-455A-AE78-095C693574F9}.Debug|x64.ActiveCfg = Debug|Win32
		{03A21205-16A2-455A-AE78-095C693574F9}.Release|Win32.ActiveCfg = Release|Win32
		{03A21205-16A2-455A-AE78-095C693574F9}.Release|Win32.Build.0 = Release|Win32
		{03A21205-16A2-455A-AE78-095C693574F9}.Release|x64.ActiveCfg = Release|Win32
		{473CE27C-A147-4E17-925D-642B920063E3}.clemulib|Win32.ActiveCfg = Release|x64
		{473CE27C-A147-4E17-925D-642B920063E3}.clemulib|x64.ActiveCfg = Release|x64
		{473CE27C-A147-4E17-925D-642B920063E3}.clemulib|x64.Build.0 = Release|x64
		{473CE27C-A147-4E17-925D-642B920063E3}.Debug|Win32.ActiveCfg = Debug|Win32
		{473CE27C-A147-4E17-925D-642B920063E3}.Debug|Win32.Build.0 = Debug|Win32
		{473CE27C-A147-4E17-925D-642B920063E3}.Debug|x64.ActiveCfg = Debug|x64
		{473CE27C-A147-4E17-925D-642B920063E3}.Debug|x64.Build.0 = Debug|x64
		{473CE27C-A147-4E17-925D-642B920063E3}.Release|Win32.ActiveCfg = Release|Win32
		{473CE27C-A147-4E17-925D-642B920063E3}.Release|Win32.Build.0 = Release|Win32
		{473CE27C-A147-4E17-925D-642B920063E3}.Release|x64.ActiveCfg = Release|x64
		{473CE27C-A147-4E17-925D-642B920063E3}.Release|x64.Build.0 = Release|x64
		{4D57444C-B5E2-47D9-8C14-D423DD5A18D2}.clemulib|Win32.ActiveCfg = Release|x64
		{4D57444C-B5E2-47D9-8C14-D423DD5A18D2}.clemulib|x64.ActiveCfg = Release|x64
		{4D57444C-B5E2-47D9-8C14-D423DD5A18D2}.clemulib|x64.Build.0 = Release|x64
		{4D57444C-B5E2-47D9-8C14-D423DD5A18D2}.Debug|Win32.ActiveCfg = Debug|Win32
		{4D57444C-B5E2-47D9-8C14-D423DD5A18D2}.Debug|Win32.Build.0 = Debug|Win32
		{4D57444C-B5E2-47D9-8C14-D423DD5A18D2}.Debug|x64.ActiveCfg = Debug|x64
		{4D57444C-B5E2-47D9-8C14-D423DD5A18D2}.Debug|x64.Build.0 = Debug|x64
		{4D57444C-B5E2-47D9-8C14-D423DD5A18D2}.Release|Win32.ActiveCfg = Release|Win32
		{4D57444C-B5E2-47D9-8C14-D423DD5A18D2}.Release|Win32.Build.0 = Release|Win32
		{4D57444C-B5E2-47D9-8C14-D423DD5A18D2}.Release|x64.ActiveCfg = Release|x64
		{4D57444C-B5E2-47D9-8C14-D423DD5A18D2}.Release|x64.Build.0 = Release|x64
	EndGlobalSection
	GlobalSection(SolutionProperties) = preSolution
		HideSolutionNode = FALSE
	EndGlobalSection
	GlobalSection(NestedProjects) = preSolution
		{43364BF6-9309-4171-AE83-80A025B38638} = {1E71625D-8A0C-4C46-A5A4-BD5774DD68A1}
		{D68EED54-7FBD-4CD5-BAAB-64D06332380F} = {1E71625D-8A0C-4C46-A5A4-BD5774DD68A1}
		{7AA7033C-56EB-455A-BB2B-9AAE49EA2A79} = {1E71625D-8A0C-4C46-A5A4-BD5774DD68A1}
		{702D8E20-F0A7-45CE-B008-7C535E82945F} = {F94EE3FB-724F-4A10-B059-2A1BE3F082EF}
		{5CC6DAC9-4AD4-4149-9A2A-9401DC386142} = {43364BF6-9309-4171-AE83-80A025B38638}
		{473CE27C-A147-4E17-925D-642B920063E3} = {43364BF6-9309-4171-AE83-80A025B38638}
		{16F53F97-B8DE-4B07-8B53-BCAA9E359BFC} = {702D8E20-F0A7-45CE-B008-7C535E82945F}
		{1E8D70F2-CC27-4259-A05F-453FAF78F315} = {D68EED54-7FBD-4CD5-BAAB-64D06332380F}
		{9814AB3D-E55D-4F61-A8CA-20D6C1A28C5D} = {D68EED54-7FBD-4CD5-BAAB-64D06332380F}
		{12B84E62-D3D1-43DE-81ED-9F97B593AEC6} = {D68EED54-7FBD-4CD5-BAAB-64D06332380F}
		{03A21205-16A2-455A-AE78-095C693574F9} = {7AA7033C-56EB-455A-BB2B-9AAE49EA2A79}
		{4D57444C-B5E2-47D9-8C14-D423DD5A18D2} = {7AA7033C-56EB-455A-BB2B-9AAE49EA2A79}
	EndGlobalSection
EndGlobal
